// !$*UTF8*$!
{
	archiveVersion = 1;
	classes = {
	};
	objectVersion = 50;
	objects = {

/* Begin PBXBuildFile section */
		185A0EAA22E95A2900253BA5 /* DetailHeaderCell.xib in Resources */ = {isa = PBXBuildFile; fileRef = 185A0EA922E95A2900253BA5 /* DetailHeaderCell.xib */; };
		185A0EAC22E95C0500253BA5 /* DetailHeaderCell.swift in Sources */ = {isa = PBXBuildFile; fileRef = 185A0EAB22E95C0500253BA5 /* DetailHeaderCell.swift */; };
		185A0EAE22E95CCE00253BA5 /* Reusable.swift in Sources */ = {isa = PBXBuildFile; fileRef = 185A0EAD22E95CCE00253BA5 /* Reusable.swift */; };
		185A0EB022E9600300253BA5 /* UIImageView+URLSession.swift in Sources */ = {isa = PBXBuildFile; fileRef = 185A0EAF22E9600300253BA5 /* UIImageView+URLSession.swift */; };
		185A0EB322E9670A00253BA5 /* DetailViewViewModel.swift in Sources */ = {isa = PBXBuildFile; fileRef = 185A0EB222E9670A00253BA5 /* DetailViewViewModel.swift */; };
		185A0EB622E968AD00253BA5 /* ContributorResponse.swift in Sources */ = {isa = PBXBuildFile; fileRef = 185A0EB522E968AD00253BA5 /* ContributorResponse.swift */; };
		185A0EB922E968F100253BA5 /* Contributor.swift in Sources */ = {isa = PBXBuildFile; fileRef = 185A0EB822E968F100253BA5 /* Contributor.swift */; };
		185A0EBB22E9766400253BA5 /* DetailContributorCell.swift in Sources */ = {isa = PBXBuildFile; fileRef = 185A0EBA22E9766400253BA5 /* DetailContributorCell.swift */; };
		185A0EBD22E9767F00253BA5 /* DetailContributorCell.xib in Resources */ = {isa = PBXBuildFile; fileRef = 185A0EBC22E9767F00253BA5 /* DetailContributorCell.xib */; };
		185A0EBF22E97E4000253BA5 /* EndpointsTests.swift in Sources */ = {isa = PBXBuildFile; fileRef = 185A0EBE22E97E4000253BA5 /* EndpointsTests.swift */; };
		1886CB8722E804ED000B5DF9 /* AppDelegate.swift in Sources */ = {isa = PBXBuildFile; fileRef = 1886CB8622E804ED000B5DF9 /* AppDelegate.swift */; };
		1886CB8E22E804EE000B5DF9 /* Assets.xcassets in Resources */ = {isa = PBXBuildFile; fileRef = 1886CB8D22E804EE000B5DF9 /* Assets.xcassets */; };
		1886CB9122E804EE000B5DF9 /* LaunchScreen.storyboard in Resources */ = {isa = PBXBuildFile; fileRef = 1886CB8F22E804EE000B5DF9 /* LaunchScreen.storyboard */; };
		1886CBB422E80594000B5DF9 /* ListPresenter.swift in Sources */ = {isa = PBXBuildFile; fileRef = 1886CBAA22E80593000B5DF9 /* ListPresenter.swift */; };
		1886CBB522E80594000B5DF9 /* ListViewController.swift in Sources */ = {isa = PBXBuildFile; fileRef = 1886CBAC22E80593000B5DF9 /* ListViewController.swift */; };
		1886CBB622E80594000B5DF9 /* List.storyboard in Resources */ = {isa = PBXBuildFile; fileRef = 1886CBAD22E80593000B5DF9 /* List.storyboard */; };
		1886CBB722E80594000B5DF9 /* ListProtocols.swift in Sources */ = {isa = PBXBuildFile; fileRef = 1886CBAF22E80593000B5DF9 /* ListProtocols.swift */; };
		1886CBB822E80594000B5DF9 /* ListInteractor.swift in Sources */ = {isa = PBXBuildFile; fileRef = 1886CBB122E80593000B5DF9 /* ListInteractor.swift */; };
		1886CBB922E80594000B5DF9 /* ListRouter.swift in Sources */ = {isa = PBXBuildFile; fileRef = 1886CBB322E80593000B5DF9 /* ListRouter.swift */; };
		1886CBBC22E807DB000B5DF9 /* GitHubRepoCellModel.swift in Sources */ = {isa = PBXBuildFile; fileRef = 1886CBBB22E807DB000B5DF9 /* GitHubRepoCellModel.swift */; };
		1886CBC222E80C27000B5DF9 /* GitHubResponseModel.swift in Sources */ = {isa = PBXBuildFile; fileRef = 1886CBC122E80C27000B5DF9 /* GitHubResponseModel.swift */; };
		1886CBC522E80DC9000B5DF9 /* URLSession+Result.swift in Sources */ = {isa = PBXBuildFile; fileRef = 1886CBC422E80DC9000B5DF9 /* URLSession+Result.swift */; };
		1886CBC822E80E19000B5DF9 /* APIServiceError.swift in Sources */ = {isa = PBXBuildFile; fileRef = 1886CBC722E80E19000B5DF9 /* APIServiceError.swift */; };
		1886CBCA22E80E5F000B5DF9 /* APIService.swift in Sources */ = {isa = PBXBuildFile; fileRef = 1886CBC922E80E5F000B5DF9 /* APIService.swift */; };
		1886CBCC22E80E77000B5DF9 /* Endpoints.swift in Sources */ = {isa = PBXBuildFile; fileRef = 1886CBCB22E80E77000B5DF9 /* Endpoints.swift */; };
		1886CBCE22E80EF9000B5DF9 /* GitHubRepoModel.swift in Sources */ = {isa = PBXBuildFile; fileRef = 1886CBCD22E80EF9000B5DF9 /* GitHubRepoModel.swift */; };
		1886CBD122E80FAD000B5DF9 /* GitHubRepository.swift in Sources */ = {isa = PBXBuildFile; fileRef = 1886CBD022E80FAD000B5DF9 /* GitHubRepository.swift */; };
		1886CBD322E80FBF000B5DF9 /* GitHubRepositoryProtocol.swift in Sources */ = {isa = PBXBuildFile; fileRef = 1886CBD222E80FBF000B5DF9 /* GitHubRepositoryProtocol.swift */; };
		1886CBE222E82018000B5DF9 /* DetailPresenter.swift in Sources */ = {isa = PBXBuildFile; fileRef = 1886CBD822E82018000B5DF9 /* DetailPresenter.swift */; };
		1886CBE322E82018000B5DF9 /* Detail.storyboard in Resources */ = {isa = PBXBuildFile; fileRef = 1886CBDA22E82018000B5DF9 /* Detail.storyboard */; };
		1886CBE422E82018000B5DF9 /* DetailViewController.swift in Sources */ = {isa = PBXBuildFile; fileRef = 1886CBDB22E82018000B5DF9 /* DetailViewController.swift */; };
		1886CBE522E82018000B5DF9 /* DetailProtocols.swift in Sources */ = {isa = PBXBuildFile; fileRef = 1886CBDD22E82018000B5DF9 /* DetailProtocols.swift */; };
		1886CBE622E82018000B5DF9 /* DetailInteractor.swift in Sources */ = {isa = PBXBuildFile; fileRef = 1886CBDF22E82018000B5DF9 /* DetailInteractor.swift */; };
		1886CBE722E82018000B5DF9 /* DetailRouter.swift in Sources */ = {isa = PBXBuildFile; fileRef = 1886CBE122E82018000B5DF9 /* DetailRouter.swift */; };
/* End PBXBuildFile section */

/* Begin PBXContainerItemProxy section */
		1886CB9822E804EE000B5DF9 /* PBXContainerItemProxy */ = {
			isa = PBXContainerItemProxy;
			containerPortal = 1886CB7B22E804ED000B5DF9 /* Project object */;
			proxyType = 1;
			remoteGlobalIDString = 1886CB8222E804ED000B5DF9;
			remoteInfo = GitHubTest;
		};
/* End PBXContainerItemProxy section */

/* Begin PBXFileReference section */
		185A0EA922E95A2900253BA5 /* DetailHeaderCell.xib */ = {isa = PBXFileReference; lastKnownFileType = file.xib; path = DetailHeaderCell.xib; sourceTree = "<group>"; };
		185A0EAB22E95C0500253BA5 /* DetailHeaderCell.swift */ = {isa = PBXFileReference; lastKnownFileType = sourcecode.swift; path = DetailHeaderCell.swift; sourceTree = "<group>"; };
		185A0EAD22E95CCE00253BA5 /* Reusable.swift */ = {isa = PBXFileReference; lastKnownFileType = sourcecode.swift; path = Reusable.swift; sourceTree = "<group>"; };
		185A0EAF22E9600300253BA5 /* UIImageView+URLSession.swift */ = {isa = PBXFileReference; lastKnownFileType = sourcecode.swift; path = "UIImageView+URLSession.swift"; sourceTree = "<group>"; };
		185A0EB222E9670A00253BA5 /* DetailViewViewModel.swift */ = {isa = PBXFileReference; lastKnownFileType = sourcecode.swift; path = DetailViewViewModel.swift; sourceTree = "<group>"; };
		185A0EB522E968AD00253BA5 /* ContributorResponse.swift */ = {isa = PBXFileReference; lastKnownFileType = sourcecode.swift; path = ContributorResponse.swift; sourceTree = "<group>"; };
		185A0EB822E968F100253BA5 /* Contributor.swift */ = {isa = PBXFileReference; lastKnownFileType = sourcecode.swift; path = Contributor.swift; sourceTree = "<group>"; };
		185A0EBA22E9766400253BA5 /* DetailContributorCell.swift */ = {isa = PBXFileReference; lastKnownFileType = sourcecode.swift; path = DetailContributorCell.swift; sourceTree = "<group>"; };
		185A0EBC22E9767F00253BA5 /* DetailContributorCell.xib */ = {isa = PBXFileReference; lastKnownFileType = file.xib; path = DetailContributorCell.xib; sourceTree = "<group>"; };
		185A0EBE22E97E4000253BA5 /* EndpointsTests.swift */ = {isa = PBXFileReference; lastKnownFileType = sourcecode.swift; path = EndpointsTests.swift; sourceTree = "<group>"; };
		1886CB8322E804ED000B5DF9 /* GitHubTest.app */ = {isa = PBXFileReference; explicitFileType = wrapper.application; includeInIndex = 0; path = GitHubTest.app; sourceTree = BUILT_PRODUCTS_DIR; };
		1886CB8622E804ED000B5DF9 /* AppDelegate.swift */ = {isa = PBXFileReference; lastKnownFileType = sourcecode.swift; path = AppDelegate.swift; sourceTree = "<group>"; };
		1886CB8D22E804EE000B5DF9 /* Assets.xcassets */ = {isa = PBXFileReference; lastKnownFileType = folder.assetcatalog; path = Assets.xcassets; sourceTree = "<group>"; };
		1886CB9022E804EE000B5DF9 /* Base */ = {isa = PBXFileReference; lastKnownFileType = file.storyboard; name = Base; path = Base.lproj/LaunchScreen.storyboard; sourceTree = "<group>"; };
		1886CB9222E804EE000B5DF9 /* Info.plist */ = {isa = PBXFileReference; lastKnownFileType = text.plist.xml; path = Info.plist; sourceTree = "<group>"; };
		1886CB9722E804EE000B5DF9 /* GitHubTestTests.xctest */ = {isa = PBXFileReference; explicitFileType = wrapper.cfbundle; includeInIndex = 0; path = GitHubTestTests.xctest; sourceTree = BUILT_PRODUCTS_DIR; };
		1886CB9D22E804EE000B5DF9 /* Info.plist */ = {isa = PBXFileReference; lastKnownFileType = text.plist.xml; path = Info.plist; sourceTree = "<group>"; };
		1886CBAA22E80593000B5DF9 /* ListPresenter.swift */ = {isa = PBXFileReference; fileEncoding = 4; lastKnownFileType = sourcecode.swift; path = ListPresenter.swift; sourceTree = "<group>"; };
		1886CBAC22E80593000B5DF9 /* ListViewController.swift */ = {isa = PBXFileReference; fileEncoding = 4; lastKnownFileType = sourcecode.swift; path = ListViewController.swift; sourceTree = "<group>"; };
		1886CBAD22E80593000B5DF9 /* List.storyboard */ = {isa = PBXFileReference; fileEncoding = 4; lastKnownFileType = file.storyboard; path = List.storyboard; sourceTree = "<group>"; };
		1886CBAF22E80593000B5DF9 /* ListProtocols.swift */ = {isa = PBXFileReference; fileEncoding = 4; lastKnownFileType = sourcecode.swift; path = ListProtocols.swift; sourceTree = "<group>"; };
		1886CBB122E80593000B5DF9 /* ListInteractor.swift */ = {isa = PBXFileReference; fileEncoding = 4; lastKnownFileType = sourcecode.swift; path = ListInteractor.swift; sourceTree = "<group>"; };
		1886CBB322E80593000B5DF9 /* ListRouter.swift */ = {isa = PBXFileReference; fileEncoding = 4; lastKnownFileType = sourcecode.swift; path = ListRouter.swift; sourceTree = "<group>"; };
		1886CBBB22E807DB000B5DF9 /* GitHubRepoCellModel.swift */ = {isa = PBXFileReference; lastKnownFileType = sourcecode.swift; path = GitHubRepoCellModel.swift; sourceTree = "<group>"; };
		1886CBC122E80C27000B5DF9 /* GitHubResponseModel.swift */ = {isa = PBXFileReference; lastKnownFileType = sourcecode.swift; path = GitHubResponseModel.swift; sourceTree = "<group>"; };
		1886CBC422E80DC9000B5DF9 /* URLSession+Result.swift */ = {isa = PBXFileReference; lastKnownFileType = sourcecode.swift; path = "URLSession+Result.swift"; sourceTree = "<group>"; };
		1886CBC722E80E19000B5DF9 /* APIServiceError.swift */ = {isa = PBXFileReference; lastKnownFileType = sourcecode.swift; path = APIServiceError.swift; sourceTree = "<group>"; };
		1886CBC922E80E5F000B5DF9 /* APIService.swift */ = {isa = PBXFileReference; lastKnownFileType = sourcecode.swift; path = APIService.swift; sourceTree = "<group>"; };
		1886CBCB22E80E77000B5DF9 /* Endpoints.swift */ = {isa = PBXFileReference; lastKnownFileType = sourcecode.swift; path = Endpoints.swift; sourceTree = "<group>"; };
		1886CBCD22E80EF9000B5DF9 /* GitHubRepoModel.swift */ = {isa = PBXFileReference; lastKnownFileType = sourcecode.swift; path = GitHubRepoModel.swift; sourceTree = "<group>"; };
		1886CBD022E80FAD000B5DF9 /* GitHubRepository.swift */ = {isa = PBXFileReference; lastKnownFileType = sourcecode.swift; path = GitHubRepository.swift; sourceTree = "<group>"; };
		1886CBD222E80FBF000B5DF9 /* GitHubRepositoryProtocol.swift */ = {isa = PBXFileReference; lastKnownFileType = sourcecode.swift; path = GitHubRepositoryProtocol.swift; sourceTree = "<group>"; };
		1886CBD822E82018000B5DF9 /* DetailPresenter.swift */ = {isa = PBXFileReference; fileEncoding = 4; lastKnownFileType = sourcecode.swift; path = DetailPresenter.swift; sourceTree = "<group>"; };
		1886CBDA22E82018000B5DF9 /* Detail.storyboard */ = {isa = PBXFileReference; fileEncoding = 4; lastKnownFileType = file.storyboard; path = Detail.storyboard; sourceTree = "<group>"; };
		1886CBDB22E82018000B5DF9 /* DetailViewController.swift */ = {isa = PBXFileReference; fileEncoding = 4; lastKnownFileType = sourcecode.swift; path = DetailViewController.swift; sourceTree = "<group>"; };
		1886CBDD22E82018000B5DF9 /* DetailProtocols.swift */ = {isa = PBXFileReference; fileEncoding = 4; lastKnownFileType = sourcecode.swift; path = DetailProtocols.swift; sourceTree = "<group>"; };
		1886CBDF22E82018000B5DF9 /* DetailInteractor.swift */ = {isa = PBXFileReference; fileEncoding = 4; lastKnownFileType = sourcecode.swift; path = DetailInteractor.swift; sourceTree = "<group>"; };
		1886CBE122E82018000B5DF9 /* DetailRouter.swift */ = {isa = PBXFileReference; fileEncoding = 4; lastKnownFileType = sourcecode.swift; path = DetailRouter.swift; sourceTree = "<group>"; };
/* End PBXFileReference section */

/* Begin PBXFrameworksBuildPhase section */
		1886CB8022E804ED000B5DF9 /* Frameworks */ = {
			isa = PBXFrameworksBuildPhase;
			buildActionMask = 2147483647;
			files = (
			);
			runOnlyForDeploymentPostprocessing = 0;
		};
		1886CB9422E804EE000B5DF9 /* Frameworks */ = {
			isa = PBXFrameworksBuildPhase;
			buildActionMask = 2147483647;
			files = (
			);
			runOnlyForDeploymentPostprocessing = 0;
		};
/* End PBXFrameworksBuildPhase section */

/* Begin PBXGroup section */
		185A0EA822E95A0100253BA5 /* Cells */ = {
			isa = PBXGroup;
			children = (
				185A0EA922E95A2900253BA5 /* DetailHeaderCell.xib */,
				185A0EAB22E95C0500253BA5 /* DetailHeaderCell.swift */,
				185A0EBA22E9766400253BA5 /* DetailContributorCell.swift */,
				185A0EBC22E9767F00253BA5 /* DetailContributorCell.xib */,
			);
			path = Cells;
			sourceTree = "<group>";
		};
		185A0EB122E966E700253BA5 /* Models */ = {
			isa = PBXGroup;
			children = (
				185A0EB422E968A000253BA5 /* Response */,
				185A0EB722E968DF00253BA5 /* Model */,
				185A0EB222E9670A00253BA5 /* DetailViewViewModel.swift */,
			);
			path = Models;
			sourceTree = "<group>";
		};
		185A0EB422E968A000253BA5 /* Response */ = {
			isa = PBXGroup;
			children = (
				185A0EB522E968AD00253BA5 /* ContributorResponse.swift */,
			);
			path = Response;
			sourceTree = "<group>";
		};
		185A0EB722E968DF00253BA5 /* Model */ = {
			isa = PBXGroup;
			children = (
				185A0EB822E968F100253BA5 /* Contributor.swift */,
			);
			path = Model;
			sourceTree = "<group>";
		};
		1886CB7A22E804ED000B5DF9 = {
			isa = PBXGroup;
			children = (
				1886CB8522E804ED000B5DF9 /* GitHubTest */,
				1886CB9A22E804EE000B5DF9 /* GitHubTestTests */,
				1886CB8422E804ED000B5DF9 /* Products */,
			);
			sourceTree = "<group>";
		};
		1886CB8422E804ED000B5DF9 /* Products */ = {
			isa = PBXGroup;
			children = (
				1886CB8322E804ED000B5DF9 /* GitHubTest.app */,
				1886CB9722E804EE000B5DF9 /* GitHubTestTests.xctest */,
			);
			name = Products;
			sourceTree = "<group>";
		};
		1886CB8522E804ED000B5DF9 /* GitHubTest */ = {
			isa = PBXGroup;
			children = (
				1886CBC322E80DAC000B5DF9 /* Extensions */,
				1886CBC622E80E03000B5DF9 /* Networking */,
				1886CBCF22E80F96000B5DF9 /* Repository */,
				1886CBA822E80593000B5DF9 /* List */,
				1886CBD622E82018000B5DF9 /* Detail */,
				1886CB8622E804ED000B5DF9 /* AppDelegate.swift */,
				1886CB8D22E804EE000B5DF9 /* Assets.xcassets */,
				1886CB8F22E804EE000B5DF9 /* LaunchScreen.storyboard */,
				1886CB9222E804EE000B5DF9 /* Info.plist */,
			);
			path = GitHubTest;
			sourceTree = "<group>";
		};
		1886CB9A22E804EE000B5DF9 /* GitHubTestTests */ = {
			isa = PBXGroup;
			children = (
				1886CB9D22E804EE000B5DF9 /* Info.plist */,
				185A0EBE22E97E4000253BA5 /* EndpointsTests.swift */,
			);
			path = GitHubTestTests;
			sourceTree = "<group>";
		};
		1886CBA822E80593000B5DF9 /* List */ = {
			isa = PBXGroup;
			children = (
				1886CBBD22E80BE4000B5DF9 /* Models */,
				1886CBA922E80593000B5DF9 /* Presenter */,
				1886CBAB22E80593000B5DF9 /* View */,
				1886CBAE22E80593000B5DF9 /* Protocols */,
				1886CBB022E80593000B5DF9 /* Interactor */,
				1886CBB222E80593000B5DF9 /* Router */,
			);
			path = List;
			sourceTree = "<group>";
		};
		1886CBA922E80593000B5DF9 /* Presenter */ = {
			isa = PBXGroup;
			children = (
				1886CBAA22E80593000B5DF9 /* ListPresenter.swift */,
			);
			path = Presenter;
			sourceTree = "<group>";
		};
		1886CBAB22E80593000B5DF9 /* View */ = {
			isa = PBXGroup;
			children = (
				1886CBAC22E80593000B5DF9 /* ListViewController.swift */,
				1886CBAD22E80593000B5DF9 /* List.storyboard */,
			);
			path = View;
			sourceTree = "<group>";
		};
		1886CBAE22E80593000B5DF9 /* Protocols */ = {
			isa = PBXGroup;
			children = (
				1886CBAF22E80593000B5DF9 /* ListProtocols.swift */,
			);
			path = Protocols;
			sourceTree = "<group>";
		};
		1886CBB022E80593000B5DF9 /* Interactor */ = {
			isa = PBXGroup;
			children = (
				1886CBB122E80593000B5DF9 /* ListInteractor.swift */,
			);
			path = Interactor;
			sourceTree = "<group>";
		};
		1886CBB222E80593000B5DF9 /* Router */ = {
			isa = PBXGroup;
			children = (
				1886CBB322E80593000B5DF9 /* ListRouter.swift */,
			);
			path = Router;
			sourceTree = "<group>";
		};
		1886CBBD22E80BE4000B5DF9 /* Models */ = {
			isa = PBXGroup;
			children = (
				1886CBBE22E80BEA000B5DF9 /* Response */,
				1886CBBF22E80BF3000B5DF9 /* Model */,
				1886CBC022E80BFE000B5DF9 /* ViewModel */,
			);
			path = Models;
			sourceTree = "<group>";
		};
		1886CBBE22E80BEA000B5DF9 /* Response */ = {
			isa = PBXGroup;
			children = (
				1886CBC122E80C27000B5DF9 /* GitHubResponseModel.swift */,
			);
			path = Response;
			sourceTree = "<group>";
		};
		1886CBBF22E80BF3000B5DF9 /* Model */ = {
			isa = PBXGroup;
			children = (
				1886CBCD22E80EF9000B5DF9 /* GitHubRepoModel.swift */,
			);
			path = Model;
			sourceTree = "<group>";
		};
		1886CBC022E80BFE000B5DF9 /* ViewModel */ = {
			isa = PBXGroup;
			children = (
				1886CBBB22E807DB000B5DF9 /* GitHubRepoCellModel.swift */,
			);
			path = ViewModel;
			sourceTree = "<group>";
		};
		1886CBC322E80DAC000B5DF9 /* Extensions */ = {
			isa = PBXGroup;
			children = (
				1886CBC422E80DC9000B5DF9 /* URLSession+Result.swift */,
				185A0EAD22E95CCE00253BA5 /* Reusable.swift */,
				185A0EAF22E9600300253BA5 /* UIImageView+URLSession.swift */,
			);
			path = Extensions;
			sourceTree = "<group>";
		};
		1886CBC622E80E03000B5DF9 /* Networking */ = {
			isa = PBXGroup;
			children = (
				1886CBC722E80E19000B5DF9 /* APIServiceError.swift */,
				1886CBC922E80E5F000B5DF9 /* APIService.swift */,
				1886CBCB22E80E77000B5DF9 /* Endpoints.swift */,
			);
			path = Networking;
			sourceTree = "<group>";
		};
		1886CBCF22E80F96000B5DF9 /* Repository */ = {
			isa = PBXGroup;
			children = (
				1886CBD022E80FAD000B5DF9 /* GitHubRepository.swift */,
				1886CBD222E80FBF000B5DF9 /* GitHubRepositoryProtocol.swift */,
			);
			path = Repository;
			sourceTree = "<group>";
		};
		1886CBD622E82018000B5DF9 /* Detail */ = {
			isa = PBXGroup;
			children = (
				185A0EB122E966E700253BA5 /* Models */,
				1886CBD722E82018000B5DF9 /* Presenter */,
				1886CBD922E82018000B5DF9 /* View */,
				1886CBDC22E82018000B5DF9 /* Protocols */,
				1886CBDE22E82018000B5DF9 /* Interactor */,
				1886CBE022E82018000B5DF9 /* Router */,
			);
			path = Detail;
			sourceTree = "<group>";
		};
		1886CBD722E82018000B5DF9 /* Presenter */ = {
			isa = PBXGroup;
			children = (
				1886CBD822E82018000B5DF9 /* DetailPresenter.swift */,
			);
			path = Presenter;
			sourceTree = "<group>";
		};
		1886CBD922E82018000B5DF9 /* View */ = {
			isa = PBXGroup;
			children = (
				185A0EA822E95A0100253BA5 /* Cells */,
				1886CBDA22E82018000B5DF9 /* Detail.storyboard */,
				1886CBDB22E82018000B5DF9 /* DetailViewController.swift */,
			);
			path = View;
			sourceTree = "<group>";
		};
		1886CBDC22E82018000B5DF9 /* Protocols */ = {
			isa = PBXGroup;
			children = (
				1886CBDD22E82018000B5DF9 /* DetailProtocols.swift */,
			);
			path = Protocols;
			sourceTree = "<group>";
		};
		1886CBDE22E82018000B5DF9 /* Interactor */ = {
			isa = PBXGroup;
			children = (
				1886CBDF22E82018000B5DF9 /* DetailInteractor.swift */,
			);
			path = Interactor;
			sourceTree = "<group>";
		};
		1886CBE022E82018000B5DF9 /* Router */ = {
			isa = PBXGroup;
			children = (
				1886CBE122E82018000B5DF9 /* DetailRouter.swift */,
			);
			path = Router;
			sourceTree = "<group>";
		};
/* End PBXGroup section */

/* Begin PBXNativeTarget section */
		1886CB8222E804ED000B5DF9 /* GitHubTest */ = {
			isa = PBXNativeTarget;
			buildConfigurationList = 1886CBA022E804EE000B5DF9 /* Build configuration list for PBXNativeTarget "GitHubTest" */;
			buildPhases = (
				1886CB7F22E804ED000B5DF9 /* Sources */,
				1886CB8022E804ED000B5DF9 /* Frameworks */,
				1886CB8122E804ED000B5DF9 /* Resources */,
			);
			buildRules = (
			);
			dependencies = (
			);
			name = GitHubTest;
			productName = GitHubTest;
			productReference = 1886CB8322E804ED000B5DF9 /* GitHubTest.app */;
			productType = "com.apple.product-type.application";
		};
		1886CB9622E804EE000B5DF9 /* GitHubTestTests */ = {
			isa = PBXNativeTarget;
			buildConfigurationList = 1886CBA322E804EE000B5DF9 /* Build configuration list for PBXNativeTarget "GitHubTestTests" */;
			buildPhases = (
				1886CB9322E804EE000B5DF9 /* Sources */,
				1886CB9422E804EE000B5DF9 /* Frameworks */,
				1886CB9522E804EE000B5DF9 /* Resources */,
			);
			buildRules = (
			);
			dependencies = (
				1886CB9922E804EE000B5DF9 /* PBXTargetDependency */,
			);
			name = GitHubTestTests;
			productName = GitHubTestTests;
			productReference = 1886CB9722E804EE000B5DF9 /* GitHubTestTests.xctest */;
			productType = "com.apple.product-type.bundle.unit-test";
		};
/* End PBXNativeTarget section */

/* Begin PBXProject section */
		1886CB7B22E804ED000B5DF9 /* Project object */ = {
			isa = PBXProject;
			attributes = {
				LastSwiftUpdateCheck = 1020;
				LastUpgradeCheck = 1020;
				ORGANIZATIONNAME = "Aaron Huánuco";
				TargetAttributes = {
					1886CB8222E804ED000B5DF9 = {
						CreatedOnToolsVersion = 10.2.1;
					};
					1886CB9622E804EE000B5DF9 = {
						CreatedOnToolsVersion = 10.2.1;
						LastSwiftMigration = 1020;
						TestTargetID = 1886CB8222E804ED000B5DF9;
					};
				};
			};
			buildConfigurationList = 1886CB7E22E804ED000B5DF9 /* Build configuration list for PBXProject "GitHubTest" */;
			compatibilityVersion = "Xcode 9.3";
			developmentRegion = en;
			hasScannedForEncodings = 0;
			knownRegions = (
				en,
				Base,
			);
			mainGroup = 1886CB7A22E804ED000B5DF9;
			productRefGroup = 1886CB8422E804ED000B5DF9 /* Products */;
			projectDirPath = "";
			projectRoot = "";
			targets = (
				1886CB8222E804ED000B5DF9 /* GitHubTest */,
				1886CB9622E804EE000B5DF9 /* GitHubTestTests */,
			);
		};
/* End PBXProject section */

/* Begin PBXResourcesBuildPhase section */
		1886CB8122E804ED000B5DF9 /* Resources */ = {
			isa = PBXResourcesBuildPhase;
			buildActionMask = 2147483647;
			files = (
				1886CB9122E804EE000B5DF9 /* LaunchScreen.storyboard in Resources */,
				1886CBB622E80594000B5DF9 /* List.storyboard in Resources */,
				1886CB8E22E804EE000B5DF9 /* Assets.xcassets in Resources */,
				1886CBE322E82018000B5DF9 /* Detail.storyboard in Resources */,
				185A0EBD22E9767F00253BA5 /* DetailContributorCell.xib in Resources */,
				185A0EAA22E95A2900253BA5 /* DetailHeaderCell.xib in Resources */,
			);
			runOnlyForDeploymentPostprocessing = 0;
		};
		1886CB9522E804EE000B5DF9 /* Resources */ = {
			isa = PBXResourcesBuildPhase;
			buildActionMask = 2147483647;
			files = (
			);
			runOnlyForDeploymentPostprocessing = 0;
		};
/* End PBXResourcesBuildPhase section */

/* Begin PBXSourcesBuildPhase section */
		1886CB7F22E804ED000B5DF9 /* Sources */ = {
			isa = PBXSourcesBuildPhase;
			buildActionMask = 2147483647;
			files = (
				1886CBB922E80594000B5DF9 /* ListRouter.swift in Sources */,
				1886CBE422E82018000B5DF9 /* DetailViewController.swift in Sources */,
				1886CBC822E80E19000B5DF9 /* APIServiceError.swift in Sources */,
				1886CBC522E80DC9000B5DF9 /* URLSession+Result.swift in Sources */,
				1886CBBC22E807DB000B5DF9 /* GitHubRepoCellModel.swift in Sources */,
				1886CBE722E82018000B5DF9 /* DetailRouter.swift in Sources */,
				1886CBCA22E80E5F000B5DF9 /* APIService.swift in Sources */,
				1886CBB822E80594000B5DF9 /* ListInteractor.swift in Sources */,
				1886CBE622E82018000B5DF9 /* DetailInteractor.swift in Sources */,
				185A0EBB22E9766400253BA5 /* DetailContributorCell.swift in Sources */,
				1886CBB422E80594000B5DF9 /* ListPresenter.swift in Sources */,
				1886CB8722E804ED000B5DF9 /* AppDelegate.swift in Sources */,
				185A0EAC22E95C0500253BA5 /* DetailHeaderCell.swift in Sources */,
				185A0EAE22E95CCE00253BA5 /* Reusable.swift in Sources */,
				1886CBB522E80594000B5DF9 /* ListViewController.swift in Sources */,
				1886CBE522E82018000B5DF9 /* DetailProtocols.swift in Sources */,
				1886CBB722E80594000B5DF9 /* ListProtocols.swift in Sources */,
				1886CBCE22E80EF9000B5DF9 /* GitHubRepoModel.swift in Sources */,
				185A0EB922E968F100253BA5 /* Contributor.swift in Sources */,
				1886CBE222E82018000B5DF9 /* DetailPresenter.swift in Sources */,
				185A0EB022E9600300253BA5 /* UIImageView+URLSession.swift in Sources */,
				1886CBD322E80FBF000B5DF9 /* GitHubRepositoryProtocol.swift in Sources */,
				1886CBCC22E80E77000B5DF9 /* Endpoints.swift in Sources */,
				1886CBD122E80FAD000B5DF9 /* GitHubRepository.swift in Sources */,
				185A0EB322E9670A00253BA5 /* DetailViewViewModel.swift in Sources */,
				185A0EB622E968AD00253BA5 /* ContributorResponse.swift in Sources */,
				1886CBC222E80C27000B5DF9 /* GitHubResponseModel.swift in Sources */,
			);
			runOnlyForDeploymentPostprocessing = 0;
		};
		1886CB9322E804EE000B5DF9 /* Sources */ = {
			isa = PBXSourcesBuildPhase;
			buildActionMask = 2147483647;
			files = (
				185A0EBF22E97E4000253BA5 /* EndpointsTests.swift in Sources */,
			);
			runOnlyForDeploymentPostprocessing = 0;
		};
/* End PBXSourcesBuildPhase section */

/* Begin PBXTargetDependency section */
		1886CB9922E804EE000B5DF9 /* PBXTargetDependency */ = {
			isa = PBXTargetDependency;
			target = 1886CB8222E804ED000B5DF9 /* GitHubTest */;
			targetProxy = 1886CB9822E804EE000B5DF9 /* PBXContainerItemProxy */;
		};
/* End PBXTargetDependency section */

/* Begin PBXVariantGroup section */
		1886CB8F22E804EE000B5DF9 /* LaunchScreen.storyboard */ = {
			isa = PBXVariantGroup;
			children = (
				1886CB9022E804EE000B5DF9 /* Base */,
			);
			name = LaunchScreen.storyboard;
			sourceTree = "<group>";
		};
/* End PBXVariantGroup section */

/* Begin XCBuildConfiguration section */
		1886CB9E22E804EE000B5DF9 /* Debug */ = {
			isa = XCBuildConfiguration;
			buildSettings = {
				ALWAYS_SEARCH_USER_PATHS = NO;
				CLANG_ANALYZER_NONNULL = YES;
				CLANG_ANALYZER_NUMBER_OBJECT_CONVERSION = YES_AGGRESSIVE;
				CLANG_CXX_LANGUAGE_STANDARD = "gnu++14";
				CLANG_CXX_LIBRARY = "libc++";
				CLANG_ENABLE_MODULES = YES;
				CLANG_ENABLE_OBJC_ARC = YES;
				CLANG_ENABLE_OBJC_WEAK = YES;
				CLANG_WARN_BLOCK_CAPTURE_AUTORELEASING = YES;
				CLANG_WARN_BOOL_CONVERSION = YES;
				CLANG_WARN_COMMA = YES;
				CLANG_WARN_CONSTANT_CONVERSION = YES;
				CLANG_WARN_DEPRECATED_OBJC_IMPLEMENTATIONS = YES;
				CLANG_WARN_DIRECT_OBJC_ISA_USAGE = YES_ERROR;
				CLANG_WARN_DOCUMENTATION_COMMENTS = YES;
				CLANG_WARN_EMPTY_BODY = YES;
				CLANG_WARN_ENUM_CONVERSION = YES;
				CLANG_WARN_INFINITE_RECURSION = YES;
				CLANG_WARN_INT_CONVERSION = YES;
				CLANG_WARN_NON_LITERAL_NULL_CONVERSION = YES;
				CLANG_WARN_OBJC_IMPLICIT_RETAIN_SELF = YES;
				CLANG_WARN_OBJC_LITERAL_CONVERSION = YES;
				CLANG_WARN_OBJC_ROOT_CLASS = YES_ERROR;
				CLANG_WARN_RANGE_LOOP_ANALYSIS = YES;
				CLANG_WARN_STRICT_PROTOTYPES = YES;
				CLANG_WARN_SUSPICIOUS_MOVE = YES;
				CLANG_WARN_UNGUARDED_AVAILABILITY = YES_AGGRESSIVE;
				CLANG_WARN_UNREACHABLE_CODE = YES;
				CLANG_WARN__DUPLICATE_METHOD_MATCH = YES;
				CODE_SIGN_IDENTITY = "iPhone Developer";
				COPY_PHASE_STRIP = NO;
				DEBUG_INFORMATION_FORMAT = dwarf;
				ENABLE_STRICT_OBJC_MSGSEND = YES;
				ENABLE_TESTABILITY = YES;
				GCC_C_LANGUAGE_STANDARD = gnu11;
				GCC_DYNAMIC_NO_PIC = NO;
				GCC_NO_COMMON_BLOCKS = YES;
				GCC_OPTIMIZATION_LEVEL = 0;
				GCC_PREPROCESSOR_DEFINITIONS = (
					"DEBUG=1",
					"$(inherited)",
				);
				GCC_WARN_64_TO_32_BIT_CONVERSION = YES;
				GCC_WARN_ABOUT_RETURN_TYPE = YES_ERROR;
				GCC_WARN_UNDECLARED_SELECTOR = YES;
				GCC_WARN_UNINITIALIZED_AUTOS = YES_AGGRESSIVE;
				GCC_WARN_UNUSED_FUNCTION = YES;
				GCC_WARN_UNUSED_VARIABLE = YES;
				IPHONEOS_DEPLOYMENT_TARGET = 12.2;
				MTL_ENABLE_DEBUG_INFO = INCLUDE_SOURCE;
				MTL_FAST_MATH = YES;
				ONLY_ACTIVE_ARCH = YES;
				SDKROOT = iphoneos;
				SWIFT_ACTIVE_COMPILATION_CONDITIONS = DEBUG;
				SWIFT_OPTIMIZATION_LEVEL = "-Onone";
			};
			name = Debug;
		};
		1886CB9F22E804EE000B5DF9 /* Release */ = {
			isa = XCBuildConfiguration;
			buildSettings = {
				ALWAYS_SEARCH_USER_PATHS = NO;
				CLANG_ANALYZER_NONNULL = YES;
				CLANG_ANALYZER_NUMBER_OBJECT_CONVERSION = YES_AGGRESSIVE;
				CLANG_CXX_LANGUAGE_STANDARD = "gnu++14";
				CLANG_CXX_LIBRARY = "libc++";
				CLANG_ENABLE_MODULES = YES;
				CLANG_ENABLE_OBJC_ARC = YES;
				CLANG_ENABLE_OBJC_WEAK = YES;
				CLANG_WARN_BLOCK_CAPTURE_AUTORELEASING = YES;
				CLANG_WARN_BOOL_CONVERSION = YES;
				CLANG_WARN_COMMA = YES;
				CLANG_WARN_CONSTANT_CONVERSION = YES;
				CLANG_WARN_DEPRECATED_OBJC_IMPLEMENTATIONS = YES;
				CLANG_WARN_DIRECT_OBJC_ISA_USAGE = YES_ERROR;
				CLANG_WARN_DOCUMENTATION_COMMENTS = YES;
				CLANG_WARN_EMPTY_BODY = YES;
				CLANG_WARN_ENUM_CONVERSION = YES;
				CLANG_WARN_INFINITE_RECURSION = YES;
				CLANG_WARN_INT_CONVERSION = YES;
				CLANG_WARN_NON_LITERAL_NULL_CONVERSION = YES;
				CLANG_WARN_OBJC_IMPLICIT_RETAIN_SELF = YES;
				CLANG_WARN_OBJC_LITERAL_CONVERSION = YES;
				CLANG_WARN_OBJC_ROOT_CLASS = YES_ERROR;
				CLANG_WARN_RANGE_LOOP_ANALYSIS = YES;
				CLANG_WARN_STRICT_PROTOTYPES = YES;
				CLANG_WARN_SUSPICIOUS_MOVE = YES;
				CLANG_WARN_UNGUARDED_AVAILABILITY = YES_AGGRESSIVE;
				CLANG_WARN_UNREACHABLE_CODE = YES;
				CLANG_WARN__DUPLICATE_METHOD_MATCH = YES;
				CODE_SIGN_IDENTITY = "iPhone Developer";
				COPY_PHASE_STRIP = NO;
				DEBUG_INFORMATION_FORMAT = "dwarf-with-dsym";
				ENABLE_NS_ASSERTIONS = NO;
				ENABLE_STRICT_OBJC_MSGSEND = YES;
				GCC_C_LANGUAGE_STANDARD = gnu11;
				GCC_NO_COMMON_BLOCKS = YES;
				GCC_WARN_64_TO_32_BIT_CONVERSION = YES;
				GCC_WARN_ABOUT_RETURN_TYPE = YES_ERROR;
				GCC_WARN_UNDECLARED_SELECTOR = YES;
				GCC_WARN_UNINITIALIZED_AUTOS = YES_AGGRESSIVE;
				GCC_WARN_UNUSED_FUNCTION = YES;
				GCC_WARN_UNUSED_VARIABLE = YES;
				IPHONEOS_DEPLOYMENT_TARGET = 12.2;
				MTL_ENABLE_DEBUG_INFO = NO;
				MTL_FAST_MATH = YES;
				SDKROOT = iphoneos;
				SWIFT_COMPILATION_MODE = wholemodule;
				SWIFT_OPTIMIZATION_LEVEL = "-O";
				VALIDATE_PRODUCT = YES;
			};
			name = Release;
		};
		1886CBA122E804EE000B5DF9 /* Debug */ = {
			isa = XCBuildConfiguration;
			buildSettings = {
				ASSETCATALOG_COMPILER_APPICON_NAME = AppIcon;
				CODE_SIGN_STYLE = Automatic;
				DEVELOPMENT_TEAM = TXH9ALPT83;
				INFOPLIST_FILE = GitHubTest/Info.plist;
				LD_RUNPATH_SEARCH_PATHS = (
					"$(inherited)",
					"@executable_path/Frameworks",
				);
				PRODUCT_BUNDLE_IDENTIFIER = aaronmhr.GitHubTest;
				PRODUCT_NAME = "$(TARGET_NAME)";
				SWIFT_VERSION = 5.0;
				TARGETED_DEVICE_FAMILY = "1,2";
			};
			name = Debug;
		};
		1886CBA222E804EE000B5DF9 /* Release */ = {
			isa = XCBuildConfiguration;
			buildSettings = {
				ASSETCATALOG_COMPILER_APPICON_NAME = AppIcon;
				CODE_SIGN_STYLE = Automatic;
				DEVELOPMENT_TEAM = TXH9ALPT83;
				INFOPLIST_FILE = GitHubTest/Info.plist;
				LD_RUNPATH_SEARCH_PATHS = (
					"$(inherited)",
					"@executable_path/Frameworks",
				);
				PRODUCT_BUNDLE_IDENTIFIER = aaronmhr.GitHubTest;
				PRODUCT_NAME = "$(TARGET_NAME)";
				SWIFT_VERSION = 5.0;
				TARGETED_DEVICE_FAMILY = "1,2";
			};
			name = Release;
		};
		1886CBA422E804EE000B5DF9 /* Debug */ = {
			isa = XCBuildConfiguration;
			buildSettings = {
				ALWAYS_EMBED_SWIFT_STANDARD_LIBRARIES = YES;
				BUNDLE_LOADER = "$(TEST_HOST)";
				CLANG_ENABLE_MODULES = YES;
				CODE_SIGN_STYLE = Automatic;
				DEVELOPMENT_TEAM = TXH9ALPT83;
				INFOPLIST_FILE = GitHubTestTests/Info.plist;
				LD_RUNPATH_SEARCH_PATHS = (
					"$(inherited)",
					"@executable_path/Frameworks",
					"@loader_path/Frameworks",
				);
				PRODUCT_BUNDLE_IDENTIFIER = aaronmhr.GitHubTestTests;
				PRODUCT_NAME = "$(TARGET_NAME)";
				SWIFT_OPTIMIZATION_LEVEL = "-Onone";
				SWIFT_VERSION = 5.0;
				TARGETED_DEVICE_FAMILY = "1,2";
				TEST_HOST = "$(BUILT_PRODUCTS_DIR)/GitHubTest.app/GitHubTest";
			};
			name = Debug;
		};
		1886CBA522E804EE000B5DF9 /* Release */ = {
			isa = XCBuildConfiguration;
			buildSettings = {
				ALWAYS_EMBED_SWIFT_STANDARD_LIBRARIES = YES;
				BUNDLE_LOADER = "$(TEST_HOST)";
				CLANG_ENABLE_MODULES = YES;
				CODE_SIGN_STYLE = Automatic;
				DEVELOPMENT_TEAM = TXH9ALPT83;
				INFOPLIST_FILE = GitHubTestTests/Info.plist;
				LD_RUNPATH_SEARCH_PATHS = (
					"$(inherited)",
					"@executable_path/Frameworks",
					"@loader_path/Frameworks",
				);
				PRODUCT_BUNDLE_IDENTIFIER = aaronmhr.GitHubTestTests;
				PRODUCT_NAME = "$(TARGET_NAME)";
				SWIFT_VERSION = 5.0;
				TARGETED_DEVICE_FAMILY = "1,2";
				TEST_HOST = "$(BUILT_PRODUCTS_DIR)/GitHubTest.app/GitHubTest";
			};
			name = Release;
		};
/* End XCBuildConfiguration section */

/* Begin XCConfigurationList section */
		1886CB7E22E804ED000B5DF9 /* Build configuration list for PBXProject "GitHubTest" */ = {
			isa = XCConfigurationList;
			buildConfigurations = (
				1886CB9E22E804EE000B5DF9 /* Debug */,
				1886CB9F22E804EE000B5DF9 /* Release */,
			);
			defaultConfigurationIsVisible = 0;
			defaultConfigurationName = Release;
		};
		1886CBA022E804EE000B5DF9 /* Build configuration list for PBXNativeTarget "GitHubTest" */ = {
			isa = XCConfigurationList;
			buildConfigurations = (
				1886CBA122E804EE000B5DF9 /* Debug */,
				1886CBA222E804EE000B5DF9 /* Release */,
			);
			defaultConfigurationIsVisible = 0;
			defaultConfigurationName = Release;
		};
		1886CBA322E804EE000B5DF9 /* Build configuration list for PBXNativeTarget "GitHubTestTests" */ = {
			isa = XCConfigurationList;
			buildConfigurations = (
				1886CBA422E804EE000B5DF9 /* Debug */,
				1886CBA522E804EE000B5DF9 /* Release */,
			);
			defaultConfigurationIsVisible = 0;
			defaultConfigurationName = Release;
		};
/* End XCConfigurationList section */
	};
	rootObject = 1886CB7B22E804ED000B5DF9 /* Project object */;
}
